
Microsoft Visual Studio Solution File, Format Version 12.00
# Visual Studio Version 17
VisualStudioVersion = 17.14.36310.24
MinimumVisualStudioVersion = 10.0.40219.1
Project("{FAE04EC0-301F-11D3-BF4B-00C04F79EFBC}") = "BankApp", "BankApp\BankApp.csproj", "{407CA420-C11D-491A-9BCD-23713F133948}"
EndProject
Project("{FAE04EC0-301F-11D3-BF4B-00C04F79EFBC}") = "MusicStore", "MusicStore\MusicStore.csproj", "{4901B541-AE87-4EFC-8A1C-DF6CA666FBB8}"
EndProject
Global
	GlobalSection(SolutionConfigurationPlatforms) = preSolution
		Debug|Any CPU = Debug|Any CPU
		Release|Any CPU = Release|Any CPU
	EndGlobalSection
	GlobalSection(ProjectConfigurationPlatforms) = postSolution
		{407CA420-C11D-491A-9BCD-23713F133948}.Debug|Any CPU.ActiveCfg = Debug|Any CPU
		{407CA420-C11D-491A-9BCD-23713F133948}.Debug|Any CPU.Build.0 = Debug|Any CPU
		{407CA420-C11D-491A-9BCD-23713F133948}.Release|Any CPU.ActiveCfg = Release|Any CPU
		{407CA420-C11D-491A-9BCD-23713F133948}.Release|Any CPU.Build.0 = Release|Any CPU
		{4901B541-AE87-4EFC-8A1C-DF6CA666FBB8}.Debug|Any CPU.ActiveCfg = Debug|Any CPU
		{4901B541-AE87-4EFC-8A1C-DF6CA666FBB8}.Debug|Any CPU.Build.0 = Debug|Any CPU
		{4901B541-AE87-4EFC-8A1C-DF6CA666FBB8}.Release|Any CPU.ActiveCfg = Release|Any CPU
		{4901B541-AE87-4EFC-8A1C-DF6CA666FBB8}.Release|Any CPU.Build.0 = Release|Any CPU
	EndGlobalSection
	GlobalSection(SolutionProperties) = preSolution
		HideSolutionNode = FALSE
	EndGlobalSection
	GlobalSection(ExtensibilityGlobals) = postSolution
		SolutionGuid = {2B4BA1D6-F490-4D90-A56B-0272F1DA69D9}
	EndGlobalSection
EndGlobal
